
Microsoft Visual Studio Solution File, Format Version 12.00
# Visual Studio 14
VisualStudioVersion = 14.0.25420.1
MinimumVisualStudioVersion = 10.0.40219.1
Project("{E24C65DC-7377-472B-9ABA-BC803B73C61A}") = "AungularEditor", "AungularEditor\", "{2BE23885-4D08-4A5B-A208-50DB969FB01F}"
	ProjectSection(WebsiteProperties) = preProject
		TargetFrameworkMoniker = ".NETFramework,Version%3Dv4.5"
		Debug.AspNetCompiler.VirtualPath = "/localhost_63169"
		Debug.AspNetCompiler.PhysicalPath = "AungularEditor\"
		Debug.AspNetCompiler.TargetPath = "PrecompiledWeb\localhost_63169\"
		Debug.AspNetCompiler.Updateable = "true"
		Debug.AspNetCompiler.ForceOverwrite = "true"
		Debug.AspNetCompiler.FixedNames = "false"
		Debug.AspNetCompiler.Debug = "True"
		Release.AspNetCompiler.VirtualPath = "/localhost_63169"
		Release.AspNetCompiler.PhysicalPath = "AungularEditor\"
		Release.AspNetCompiler.TargetPath = "PrecompiledWeb\localhost_63169\"
		Release.AspNetCompiler.Updateable = "true"
		Release.AspNetCompiler.ForceOverwrite = "true"
		Release.AspNetCompiler.FixedNames = "false"
		Release.AspNetCompiler.Debug = "False"
		VWDPort = "63169"
		SlnRelativePath = "AungularEditor\"
	EndProjectSection
EndProject
Global
	GlobalSection(SolutionConfigurationPlatforms) = preSolution
		Debug|Any CPU = Debug|Any CPU
	EndGlobalSection
	GlobalSection(ProjectConfigurationPlatforms) = postSolution
		{2BE23885-4D08-4A5B-A208-50DB969FB01F}.Debug|Any CPU.ActiveCfg = Debug|Any CPU
		{2BE23885-4D08-4A5B-A208-50DB969FB01F}.Debug|Any CPU.Build.0 = Debug|Any CPU
	EndGlobalSection
	GlobalSection(SolutionProperties) = preSolution
		HideSolutionNode = FALSE
	EndGlobalSection
EndGlobal
